
Microsoft Visual Studio Solution File, Format Version 12.00
# Visual Studio 15
VisualStudioVersion = 15.0.27004.2010
MinimumVisualStudioVersion = 10.0.40219.1
Project("{8BC9CEB8-8B4A-11D0-8D11-00A0C91BC942}") = "HW_01", "HW_01\HW_01.vcxproj", "{AEC4B0C9-74BB-47E5-8737-ACB930DEEBB8}"
EndProject
Global
	GlobalSection(SolutionConfigurationPlatforms) = preSolution
		Debug|x64 = Debug|x64
		Debug|x86 = Debug|x86
		Release|x64 = Release|x64
		Release|x86 = Release|x86
	EndGlobalSection
	GlobalSection(ProjectConfigurationPlatforms) = postSolution
		{AEC4B0C9-74BB-47E5-8737-ACB930DEEBB8}.Debug|x64.ActiveCfg = Debug|x64
		{AEC4B0C9-74BB-47E5-8737-ACB930DEEBB8}.Debug|x64.Build.0 = Debug|x64
		{AEC4B0C9-74BB-47E5-8737-ACB930DEEBB8}.Debug|x86.ActiveCfg = Debug|Win32
		{AEC4B0C9-74BB-47E5-8737-ACB930DEEBB8}.Debug|x86.Build.0 = Debug|Win32
		{AEC4B0C9-74BB-47E5-8737-ACB930DEEBB8}.Release|x64.ActiveCfg = Release|x64
		{AEC4B0C9-74BB-47E5-8737-ACB930DEEBB8}.Release|x64.Build.0 = Release|x64
		{AEC4B0C9-74BB-47E5-8737-ACB930DEEBB8}.Release|x86.ActiveCfg = Debug|Win32
		{AEC4B0C9-74BB-47E5-8737-ACB930DEEBB8}.Release|x86.Build.0 = Debug|Win32
	EndGlobalSection
	GlobalSection(SolutionProperties) = preSolution
		HideSolutionNode = FALSE
	EndGlobalSection
	GlobalSection(ExtensibilityGlobals) = postSolution
		SolutionGuid = {F9B26659-49D2-4AA7-9156-C358121B5F42}
	EndGlobalSection
EndGlobal
